
Microsoft Visual Studio Solution File, Format Version 12.00
# Visual Studio Version 17
VisualStudioVersion = 17.4.33205.214
MinimumVisualStudioVersion = 10.0.40219.1
Project("{9A19103F-16F7-4668-BE54-9A1E7A4F7556}") = "Learnova2023", "Learnova2023\Learnova2023.csproj", "{FBA80241-93E9-4A51-A410-4A81E3DEABA6}"
EndProject
Global
	GlobalSection(SolutionConfigurationPlatforms) = preSolution
		Debug|Any CPU = Debug|Any CPU
		Release|Any CPU = Release|Any CPU
	EndGlobalSection
	GlobalSection(ProjectConfigurationPlatforms) = postSolution
		{FBA80241-93E9-4A51-A410-4A81E3DEABA6}.Debug|Any CPU.ActiveCfg = Debug|Any CPU
		{FBA80241-93E9-4A51-A410-4A81E3DEABA6}.Debug|Any CPU.Build.0 = Debug|Any CPU
		{FBA80241-93E9-4A51-A410-4A81E3DEABA6}.Release|Any CPU.ActiveCfg = Release|Any CPU
		{FBA80241-93E9-4A51-A410-4A81E3DEABA6}.Release|Any CPU.Build.0 = Release|Any CPU
	EndGlobalSection
	GlobalSection(SolutionProperties) = preSolution
		HideSolutionNode = FALSE
	EndGlobalSection
	GlobalSection(ExtensibilityGlobals) = postSolution
		SolutionGuid = {037E6B7F-37F4-4C7B-9EF6-90238DA58F20}
	EndGlobalSection
EndGlobal
